
Microsoft Visual Studio Solution File, Format Version 12.00
# Visual Studio Version 17
VisualStudioVersion = 17.6.33829.357
MinimumVisualStudioVersion = 10.0.40219.1
Project("{9A19103F-16F7-4668-BE54-9A1E7A4F7556}") = "BlogCore", "BlogCore\BlogCore.csproj", "{5D0718FE-3197-44CC-B5CE-ED6E8DB3AFB9}"
EndProject
Project("{FAE04EC0-301F-11D3-BF4B-00C04F79EFBC}") = "BlogCore.AccesoDatos", "BlogCore.AccesoDatos\BlogCore.AccesoDatos.csproj", "{4923C12B-802A-477E-A623-B6D4387353D3}"
EndProject
Project("{FAE04EC0-301F-11D3-BF4B-00C04F79EFBC}") = "BlogCore.Models", "BlogCore.Models\BlogCore.Models.csproj", "{2937622A-0FC1-4836-BB5D-F5D1184E8126}"
EndProject
Project("{FAE04EC0-301F-11D3-BF4B-00C04F79EFBC}") = "BlogCore.Utilities", "BlogCore.Utilities\BlogCore.Utilities.csproj", "{6A875E2E-D325-4AEF-8774-61A7603C97AD}"
EndProject
Global
	GlobalSection(SolutionConfigurationPlatforms) = preSolution
		Debug|Any CPU = Debug|Any CPU
		Release|Any CPU = Release|Any CPU
	EndGlobalSection
	GlobalSection(ProjectConfigurationPlatforms) = postSolution
		{5D0718FE-3197-44CC-B5CE-ED6E8DB3AFB9}.Debug|Any CPU.ActiveCfg = Debug|Any CPU
		{5D0718FE-3197-44CC-B5CE-ED6E8DB3AFB9}.Debug|Any CPU.Build.0 = Debug|Any CPU
		{5D0718FE-3197-44CC-B5CE-ED6E8DB3AFB9}.Release|Any CPU.ActiveCfg = Release|Any CPU
		{5D0718FE-3197-44CC-B5CE-ED6E8DB3AFB9}.Release|Any CPU.Build.0 = Release|Any CPU
		{4923C12B-802A-477E-A623-B6D4387353D3}.Debug|Any CPU.ActiveCfg = Debug|Any CPU
		{4923C12B-802A-477E-A623-B6D4387353D3}.Debug|Any CPU.Build.0 = Debug|Any CPU
		{4923C12B-802A-477E-A623-B6D4387353D3}.Release|Any CPU.ActiveCfg = Release|Any CPU
		{4923C12B-802A-477E-A623-B6D4387353D3}.Release|Any CPU.Build.0 = Release|Any CPU
		{2937622A-0FC1-4836-BB5D-F5D1184E8126}.Debug|Any CPU.ActiveCfg = Debug|Any CPU
		{2937622A-0FC1-4836-BB5D-F5D1184E8126}.Debug|Any CPU.Build.0 = Debug|Any CPU
		{2937622A-0FC1-4836-BB5D-F5D1184E8126}.Release|Any CPU.ActiveCfg = Release|Any CPU
		{2937622A-0FC1-4836-BB5D-F5D1184E8126}.Release|Any CPU.Build.0 = Release|Any CPU
		{6A875E2E-D325-4AEF-8774-61A7603C97AD}.Debug|Any CPU.ActiveCfg = Debug|Any CPU
		{6A875E2E-D325-4AEF-8774-61A7603C97AD}.Debug|Any CPU.Build.0 = Debug|Any CPU
		{6A875E2E-D325-4AEF-8774-61A7603C97AD}.Release|Any CPU.ActiveCfg = Release|Any CPU
		{6A875E2E-D325-4AEF-8774-61A7603C97AD}.Release|Any CPU.Build.0 = Release|Any CPU
	EndGlobalSection
	GlobalSection(SolutionProperties) = preSolution
		HideSolutionNode = FALSE
	EndGlobalSection
	GlobalSection(ExtensibilityGlobals) = postSolution
		SolutionGuid = {E5E65D8D-55EC-4332-8019-AAB83A03258A}
	EndGlobalSection
EndGlobal
